
Microsoft Visual Studio Solution File, Format Version 12.00
# Visual Studio Version 17
VisualStudioVersion = 17.4.33213.308
MinimumVisualStudioVersion = 10.0.40219.1
Project("{9A19103F-16F7-4668-BE54-9A1E7A4F7556}") = "TestTask.Server", "TestTask\Server\TestTask.Server.csproj", "{B404CED9-9C62-47E6-A3C0-04155400C780}"
EndProject
Project("{9A19103F-16F7-4668-BE54-9A1E7A4F7556}") = "TestTask.Client", "TestTask\Client\TestTask.Client.csproj", "{5E9A9223-B3A6-4DD7-BE65-01CEC6F1A76C}"
EndProject
Project("{9A19103F-16F7-4668-BE54-9A1E7A4F7556}") = "TestTask.Shared", "TestTask\Shared\TestTask.Shared.csproj", "{A1ACB859-BCC3-4D17-AF43-DC5342D55F01}"
EndProject
Global
	GlobalSection(SolutionConfigurationPlatforms) = preSolution
		Debug|Any CPU = Debug|Any CPU
		Release|Any CPU = Release|Any CPU
	EndGlobalSection
	GlobalSection(ProjectConfigurationPlatforms) = postSolution
		{B404CED9-9C62-47E6-A3C0-04155400C780}.Debug|Any CPU.ActiveCfg = Debug|Any CPU
		{B404CED9-9C62-47E6-A3C0-04155400C780}.Debug|Any CPU.Build.0 = Debug|Any CPU
		{B404CED9-9C62-47E6-A3C0-04155400C780}.Release|Any CPU.ActiveCfg = Release|Any CPU
		{B404CED9-9C62-47E6-A3C0-04155400C780}.Release|Any CPU.Build.0 = Release|Any CPU
		{5E9A9223-B3A6-4DD7-BE65-01CEC6F1A76C}.Debug|Any CPU.ActiveCfg = Debug|Any CPU
		{5E9A9223-B3A6-4DD7-BE65-01CEC6F1A76C}.Debug|Any CPU.Build.0 = Debug|Any CPU
		{5E9A9223-B3A6-4DD7-BE65-01CEC6F1A76C}.Release|Any CPU.ActiveCfg = Release|Any CPU
		{5E9A9223-B3A6-4DD7-BE65-01CEC6F1A76C}.Release|Any CPU.Build.0 = Release|Any CPU
		{A1ACB859-BCC3-4D17-AF43-DC5342D55F01}.Debug|Any CPU.ActiveCfg = Debug|Any CPU
		{A1ACB859-BCC3-4D17-AF43-DC5342D55F01}.Debug|Any CPU.Build.0 = Debug|Any CPU
		{A1ACB859-BCC3-4D17-AF43-DC5342D55F01}.Release|Any CPU.ActiveCfg = Release|Any CPU
		{A1ACB859-BCC3-4D17-AF43-DC5342D55F01}.Release|Any CPU.Build.0 = Release|Any CPU
	EndGlobalSection
	GlobalSection(SolutionProperties) = preSolution
		HideSolutionNode = FALSE
	EndGlobalSection
	GlobalSection(ExtensibilityGlobals) = postSolution
		SolutionGuid = {2E1DFB97-B413-4011-9E98-695294EE60D3}
	EndGlobalSection
EndGlobal
